
Microsoft Visual Studio Solution File, Format Version 12.00
# Visual Studio Version 17
VisualStudioVersion = 17.1.32319.34
MinimumVisualStudioVersion = 10.0.40219.1
Project("{9A19103F-16F7-4668-BE54-9A1E7A4F7556}") = "SharpConverter.Console", "SharpConverter.Console\SharpConverter.Console.csproj", "{18882AE9-D4FF-458A-8742-F1253DF898D7}"
EndProject
Project("{9A19103F-16F7-4668-BE54-9A1E7A4F7556}") = "SharpConverter.Shared", "SharpConverter.Shared\SharpConverter.Shared.csproj", "{E178CD12-8BDC-413B-868C-5B30034307B1}"
EndProject
Project("{FAE04EC0-301F-11D3-BF4B-00C04F79EFBC}") = "SharpConverter.Debug", "SharpConverter.Test\SharpConverter.Debug.csproj", "{2B79442F-E1EA-454A-A0AD-EC6F08359E6B}"
EndProject
Global
	GlobalSection(SolutionConfigurationPlatforms) = preSolution
		Debug|Any CPU = Debug|Any CPU
		Release|Any CPU = Release|Any CPU
	EndGlobalSection
	GlobalSection(ProjectConfigurationPlatforms) = postSolution
		{18882AE9-D4FF-458A-8742-F1253DF898D7}.Debug|Any CPU.ActiveCfg = Debug|Any CPU
		{18882AE9-D4FF-458A-8742-F1253DF898D7}.Debug|Any CPU.Build.0 = Debug|Any CPU
		{18882AE9-D4FF-458A-8742-F1253DF898D7}.Release|Any CPU.ActiveCfg = Release|Any CPU
		{18882AE9-D4FF-458A-8742-F1253DF898D7}.Release|Any CPU.Build.0 = Release|Any CPU
		{E178CD12-8BDC-413B-868C-5B30034307B1}.Debug|Any CPU.ActiveCfg = Debug|Any CPU
		{E178CD12-8BDC-413B-868C-5B30034307B1}.Debug|Any CPU.Build.0 = Debug|Any CPU
		{E178CD12-8BDC-413B-868C-5B30034307B1}.Release|Any CPU.ActiveCfg = Release|Any CPU
		{E178CD12-8BDC-413B-868C-5B30034307B1}.Release|Any CPU.Build.0 = Release|Any CPU
		{2B79442F-E1EA-454A-A0AD-EC6F08359E6B}.Debug|Any CPU.ActiveCfg = Debug|Any CPU
		{2B79442F-E1EA-454A-A0AD-EC6F08359E6B}.Debug|Any CPU.Build.0 = Debug|Any CPU
		{2B79442F-E1EA-454A-A0AD-EC6F08359E6B}.Release|Any CPU.ActiveCfg = Release|Any CPU
		{2B79442F-E1EA-454A-A0AD-EC6F08359E6B}.Release|Any CPU.Build.0 = Release|Any CPU
	EndGlobalSection
	GlobalSection(SolutionProperties) = preSolution
		HideSolutionNode = FALSE
	EndGlobalSection
	GlobalSection(ExtensibilityGlobals) = postSolution
		SolutionGuid = {5CEA44DD-3D4F-4753-A33B-A8FA19BA2EBC}
	EndGlobalSection
EndGlobal
